
Microsoft Visual Studio Solution File, Format Version 12.00
# Visual Studio Version 17
VisualStudioVersion = 17.13.36105.23 d17.13
MinimumVisualStudioVersion = 10.0.40219.1
Project("{FAE04EC0-301F-11D3-BF4B-00C04F79EFBC}") = "2_WPF_Homework", "2_WPF_Homework.csproj", "{88A7615E-4D9F-42C9-94BB-5152086AA2C6}"
EndProject
Global
	GlobalSection(SolutionConfigurationPlatforms) = preSolution
		Debug|Any CPU = Debug|Any CPU
		Release|Any CPU = Release|Any CPU
	EndGlobalSection
	GlobalSection(ProjectConfigurationPlatforms) = postSolution
		{88A7615E-4D9F-42C9-94BB-5152086AA2C6}.Debug|Any CPU.ActiveCfg = Debug|Any CPU
		{88A7615E-4D9F-42C9-94BB-5152086AA2C6}.Debug|Any CPU.Build.0 = Debug|Any CPU
		{88A7615E-4D9F-42C9-94BB-5152086AA2C6}.Release|Any CPU.ActiveCfg = Release|Any CPU
		{88A7615E-4D9F-42C9-94BB-5152086AA2C6}.Release|Any CPU.Build.0 = Release|Any CPU
	EndGlobalSection
	GlobalSection(SolutionProperties) = preSolution
		HideSolutionNode = FALSE
	EndGlobalSection
	GlobalSection(ExtensibilityGlobals) = postSolution
		SolutionGuid = {A8D74E9F-0D0B-4D0D-8C49-17A0DF9C6E25}
	EndGlobalSection
EndGlobal
